// !$*UTF8*$!
{
	archiveVersion = 1;
	classes = {
	};
	objectVersion = 46;
	objects = {

/* Begin PBXBuildFile section */
		21751F071F6B4C6D0029A3E8 /* DetailViewModel.swift in Sources */ = {isa = PBXBuildFile; fileRef = 21751F061F6B4C6D0029A3E8 /* DetailViewModel.swift */; };
		21751F171F6B93170029A3E8 /* AppIdModel.swift in Sources */ = {isa = PBXBuildFile; fileRef = 21751F161F6B93170029A3E8 /* AppIdModel.swift */; };
		217AFFC11F6A79DB00ED7604 /* DetailViewController.swift in Sources */ = {isa = PBXBuildFile; fileRef = 217AFFC01F6A79DB00ED7604 /* DetailViewController.swift */; };
		219ABE001F6798EB007DBC26 /* Podfile in Resources */ = {isa = PBXBuildFile; fileRef = 219ABDFF1F6798EB007DBC26 /* Podfile */; };
		21EC47AD1F6677AB007CC79C /* ViewController.swift in Sources */ = {isa = PBXBuildFile; fileRef = 21EC47AB1F6677AB007CC79C /* ViewController.swift */; };
		21EC47AF1F6677F7007CC79C /* ChartViewModel.swift in Sources */ = {isa = PBXBuildFile; fileRef = 21EC47AE1F6677F7007CC79C /* ChartViewModel.swift */; };
		21EC47B01F6677F7007CC79C /* ChartViewModel.swift in Sources */ = {isa = PBXBuildFile; fileRef = 21EC47AE1F6677F7007CC79C /* ChartViewModel.swift */; };
		21EC47C11F668818007CC79C /* HttpClient.swift in Sources */ = {isa = PBXBuildFile; fileRef = 21EC47C01F668818007CC79C /* HttpClient.swift */; };
		21EC47C21F668818007CC79C /* HttpClient.swift in Sources */ = {isa = PBXBuildFile; fileRef = 21EC47C01F668818007CC79C /* HttpClient.swift */; };
		21F797AC1F666C2100E1785F /* AppDelegate.swift in Sources */ = {isa = PBXBuildFile; fileRef = 21F797AB1F666C2100E1785F /* AppDelegate.swift */; };
		21F797B11F666C2100E1785F /* Main.storyboard in Resources */ = {isa = PBXBuildFile; fileRef = 21F797AF1F666C2100E1785F /* Main.storyboard */; };
		21F797B31F666C2100E1785F /* Assets.xcassets in Resources */ = {isa = PBXBuildFile; fileRef = 21F797B21F666C2100E1785F /* Assets.xcassets */; };
		21F797B61F666C2100E1785F /* LaunchScreen.storyboard in Resources */ = {isa = PBXBuildFile; fileRef = 21F797B41F666C2100E1785F /* LaunchScreen.storyboard */; };
		21F797C11F666C2200E1785F /* ITunesKitTests.swift in Sources */ = {isa = PBXBuildFile; fileRef = 21F797C01F666C2200E1785F /* ITunesKitTests.swift */; };
		378182CB1C9D3CA3FEAC234B /* Pods_ITunesKitTests.framework in Frameworks */ = {isa = PBXBuildFile; fileRef = FBBEF944AEA26DB0F30D30AD /* Pods_ITunesKitTests.framework */; };
		D9153BCC5C879617CD37D87C /* Pods_ITunesKit.framework in Frameworks */ = {isa = PBXBuildFile; fileRef = 5E962EE229C77D1E5895127B /* Pods_ITunesKit.framework */; };
/* End PBXBuildFile section */

/* Begin PBXContainerItemProxy section */
		21F797BD1F666C2200E1785F /* PBXContainerItemProxy */ = {
			isa = PBXContainerItemProxy;
			containerPortal = 21F797A01F666C2100E1785F /* Project object */;
			proxyType = 1;
			remoteGlobalIDString = 21F797A71F666C2100E1785F;
			remoteInfo = ITunesKit;
		};
/* End PBXContainerItemProxy section */

/* Begin PBXFileReference section */
		21751F061F6B4C6D0029A3E8 /* DetailViewModel.swift */ = {isa = PBXFileReference; fileEncoding = 4; lastKnownFileType = sourcecode.swift; path = DetailViewModel.swift; sourceTree = "<group>"; };
		21751F161F6B93170029A3E8 /* AppIdModel.swift */ = {isa = PBXFileReference; fileEncoding = 4; lastKnownFileType = sourcecode.swift; path = AppIdModel.swift; sourceTree = "<group>"; };
		217AFFC01F6A79DB00ED7604 /* DetailViewController.swift */ = {isa = PBXFileReference; fileEncoding = 4; lastKnownFileType = sourcecode.swift; path = DetailViewController.swift; sourceTree = "<group>"; };
		219ABDFF1F6798EB007DBC26 /* Podfile */ = {isa = PBXFileReference; fileEncoding = 4; lastKnownFileType = text; path = Podfile; sourceTree = "<group>"; };
		21EC47AB1F6677AB007CC79C /* ViewController.swift */ = {isa = PBXFileReference; fileEncoding = 4; lastKnownFileType = sourcecode.swift; path = ViewController.swift; sourceTree = "<group>"; };
		21EC47AE1F6677F7007CC79C /* ChartViewModel.swift */ = {isa = PBXFileReference; fileEncoding = 4; lastKnownFileType = sourcecode.swift; path = ChartViewModel.swift; sourceTree = "<group>"; };
		21EC47C01F668818007CC79C /* HttpClient.swift */ = {isa = PBXFileReference; fileEncoding = 4; lastKnownFileType = sourcecode.swift; path = HttpClient.swift; sourceTree = "<group>"; };
		21F797A81F666C2100E1785F /* ITunesKit.app */ = {isa = PBXFileReference; explicitFileType = wrapper.application; includeInIndex = 0; path = ITunesKit.app; sourceTree = BUILT_PRODUCTS_DIR; };
		21F797AB1F666C2100E1785F /* AppDelegate.swift */ = {isa = PBXFileReference; lastKnownFileType = sourcecode.swift; path = AppDelegate.swift; sourceTree = "<group>"; };
		21F797B01F666C2100E1785F /* Base */ = {isa = PBXFileReference; lastKnownFileType = file.storyboard; name = Base; path = Base.lproj/Main.storyboard; sourceTree = "<group>"; };
		21F797B21F666C2100E1785F /* Assets.xcassets */ = {isa = PBXFileReference; lastKnownFileType = folder.assetcatalog; path = Assets.xcassets; sourceTree = "<group>"; };
		21F797B51F666C2100E1785F /* Base */ = {isa = PBXFileReference; lastKnownFileType = file.storyboard; name = Base; path = Base.lproj/LaunchScreen.storyboard; sourceTree = "<group>"; };
		21F797B71F666C2100E1785F /* Info.plist */ = {isa = PBXFileReference; lastKnownFileType = text.plist.xml; path = Info.plist; sourceTree = "<group>"; };
		21F797BC1F666C2200E1785F /* ITunesKitTests.xctest */ = {isa = PBXFileReference; explicitFileType = wrapper.cfbundle; includeInIndex = 0; path = ITunesKitTests.xctest; sourceTree = BUILT_PRODUCTS_DIR; };
		21F797C01F666C2200E1785F /* ITunesKitTests.swift */ = {isa = PBXFileReference; lastKnownFileType = sourcecode.swift; path = ITunesKitTests.swift; sourceTree = "<group>"; };
		21F797C21F666C2200E1785F /* Info.plist */ = {isa = PBXFileReference; lastKnownFileType = text.plist.xml; path = Info.plist; sourceTree = "<group>"; };
		2A2C3AD0CF458A9FAB387356 /* Pods-ITunesKit.debug.xcconfig */ = {isa = PBXFileReference; includeInIndex = 1; lastKnownFileType = text.xcconfig; name = "Pods-ITunesKit.debug.xcconfig"; path = "Pods/Target Support Files/Pods-ITunesKit/Pods-ITunesKit.debug.xcconfig"; sourceTree = "<group>"; };
		5E962EE229C77D1E5895127B /* Pods_ITunesKit.framework */ = {isa = PBXFileReference; explicitFileType = wrapper.framework; includeInIndex = 0; path = Pods_ITunesKit.framework; sourceTree = BUILT_PRODUCTS_DIR; };
		AA090005CE1F9E7FA0641D13 /* Pods-ITunesKitTests.debug.xcconfig */ = {isa = PBXFileReference; includeInIndex = 1; lastKnownFileType = text.xcconfig; name = "Pods-ITunesKitTests.debug.xcconfig"; path = "Pods/Target Support Files/Pods-ITunesKitTests/Pods-ITunesKitTests.debug.xcconfig"; sourceTree = "<group>"; };
		B4F1E00F050CFDEE2C12153F /* Pods-ITunesKit.release.xcconfig */ = {isa = PBXFileReference; includeInIndex = 1; lastKnownFileType = text.xcconfig; name = "Pods-ITunesKit.release.xcconfig"; path = "Pods/Target Support Files/Pods-ITunesKit/Pods-ITunesKit.release.xcconfig"; sourceTree = "<group>"; };
		C8D12EB28F1C00ECC8A23966 /* Pods-ITunesKitTests.release.xcconfig */ = {isa = PBXFileReference; includeInIndex = 1; lastKnownFileType = text.xcconfig; name = "Pods-ITunesKitTests.release.xcconfig"; path = "Pods/Target Support Files/Pods-ITunesKitTests/Pods-ITunesKitTests.release.xcconfig"; sourceTree = "<group>"; };
		FBBEF944AEA26DB0F30D30AD /* Pods_ITunesKitTests.framework */ = {isa = PBXFileReference; explicitFileType = wrapper.framework; includeInIndex = 0; path = Pods_ITunesKitTests.framework; sourceTree = BUILT_PRODUCTS_DIR; };
/* End PBXFileReference section */

/* Begin PBXFrameworksBuildPhase section */
		21F797A51F666C2100E1785F /* Frameworks */ = {
			isa = PBXFrameworksBuildPhase;
			buildActionMask = 2147483647;
			files = (
				D9153BCC5C879617CD37D87C /* Pods_ITunesKit.framework in Frameworks */,
			);
			runOnlyForDeploymentPostprocessing = 0;
		};
		21F797B91F666C2200E1785F /* Frameworks */ = {
			isa = PBXFrameworksBuildPhase;
			buildActionMask = 2147483647;
			files = (
				378182CB1C9D3CA3FEAC234B /* Pods_ITunesKitTests.framework in Frameworks */,
			);
			runOnlyForDeploymentPostprocessing = 0;
		};
/* End PBXFrameworksBuildPhase section */

/* Begin PBXGroup section */
		21EC47A81F6677AB007CC79C /* Model */ = {
			isa = PBXGroup;
			children = (
				21751F161F6B93170029A3E8 /* AppIdModel.swift */,
			);
			path = Model;
			sourceTree = "<group>";
		};
		21EC47A91F6677AB007CC79C /* View */ = {
			isa = PBXGroup;
			children = (
				21EC47AA1F6677AB007CC79C /* Controller */,
			);
			path = View;
			sourceTree = "<group>";
		};
		21EC47AA1F6677AB007CC79C /* Controller */ = {
			isa = PBXGroup;
			children = (
				21EC47AB1F6677AB007CC79C /* ViewController.swift */,
				217AFFC01F6A79DB00ED7604 /* DetailViewController.swift */,
			);
			path = Controller;
			sourceTree = "<group>";
		};
		21EC47AC1F6677AB007CC79C /* ViewModel */ = {
			isa = PBXGroup;
			children = (
				21EC47AE1F6677F7007CC79C /* ChartViewModel.swift */,
				21751F061F6B4C6D0029A3E8 /* DetailViewModel.swift */,
			);
			path = ViewModel;
			sourceTree = "<group>";
		};
		21EC47BF1F6687F1007CC79C /* Api */ = {
			isa = PBXGroup;
			children = (
				21EC47C01F668818007CC79C /* HttpClient.swift */,
			);
			path = Api;
			sourceTree = "<group>";
		};
		21F7979F1F666C2100E1785F = {
			isa = PBXGroup;
			children = (
				219ABDFF1F6798EB007DBC26 /* Podfile */,
				21F797AA1F666C2100E1785F /* ITunesKit */,
				21F797BF1F666C2200E1785F /* ITunesKitTests */,
				21F797A91F666C2100E1785F /* Products */,
				8391ACCBF4C0FB15C7FFB70D /* Pods */,
				FFC45DD8F176E1E0FF86F0C6 /* Frameworks */,
			);
			sourceTree = "<group>";
		};
		21F797A91F666C2100E1785F /* Products */ = {
			isa = PBXGroup;
			children = (
				21F797A81F666C2100E1785F /* ITunesKit.app */,
				21F797BC1F666C2200E1785F /* ITunesKitTests.xctest */,
			);
			name = Products;
			sourceTree = "<group>";
		};
		21F797AA1F666C2100E1785F /* ITunesKit */ = {
			isa = PBXGroup;
			children = (
				21EC47BF1F6687F1007CC79C /* Api */,
				21EC47A81F6677AB007CC79C /* Model */,
				21EC47A91F6677AB007CC79C /* View */,
				21EC47AC1F6677AB007CC79C /* ViewModel */,
				21F797AB1F666C2100E1785F /* AppDelegate.swift */,
				21F797AF1F666C2100E1785F /* Main.storyboard */,
				21F797B21F666C2100E1785F /* Assets.xcassets */,
				21F797B41F666C2100E1785F /* LaunchScreen.storyboard */,
				21F797B71F666C2100E1785F /* Info.plist */,
			);
			path = ITunesKit;
			sourceTree = "<group>";
		};
		21F797BF1F666C2200E1785F /* ITunesKitTests */ = {
			isa = PBXGroup;
			children = (
				21F797C01F666C2200E1785F /* ITunesKitTests.swift */,
				21F797C21F666C2200E1785F /* Info.plist */,
			);
			path = ITunesKitTests;
			sourceTree = "<group>";
		};
		8391ACCBF4C0FB15C7FFB70D /* Pods */ = {
			isa = PBXGroup;
			children = (
				2A2C3AD0CF458A9FAB387356 /* Pods-ITunesKit.debug.xcconfig */,
				B4F1E00F050CFDEE2C12153F /* Pods-ITunesKit.release.xcconfig */,
				AA090005CE1F9E7FA0641D13 /* Pods-ITunesKitTests.debug.xcconfig */,
				C8D12EB28F1C00ECC8A23966 /* Pods-ITunesKitTests.release.xcconfig */,
			);
			name = Pods;
			sourceTree = "<group>";
		};
		FFC45DD8F176E1E0FF86F0C6 /* Frameworks */ = {
			isa = PBXGroup;
			children = (
				5E962EE229C77D1E5895127B /* Pods_ITunesKit.framework */,
				FBBEF944AEA26DB0F30D30AD /* Pods_ITunesKitTests.framework */,
			);
			name = Frameworks;
			sourceTree = "<group>";
		};
/* End PBXGroup section */

/* Begin PBXNativeTarget section */
		21F797A71F666C2100E1785F /* ITunesKit */ = {
			isa = PBXNativeTarget;
			buildConfigurationList = 21F797C51F666C2200E1785F /* Build configuration list for PBXNativeTarget "ITunesKit" */;
			buildPhases = (
				D43B6F188F6F915DB41CE330 /* [CP] Check Pods Manifest.lock */,
				21F797A41F666C2100E1785F /* Sources */,
				21F797A51F666C2100E1785F /* Frameworks */,
				21F797A61F666C2100E1785F /* Resources */,
				9E197DA03546F4F38982E5E6 /* [CP] Embed Pods Frameworks */,
				A78C9C93A14ED41721749BAA /* [CP] Copy Pods Resources */,
				219ABE011F679A4D007DBC26 /* ShellScript */,
			);
			buildRules = (
			);
			dependencies = (
			);
			name = ITunesKit;
			productName = ITunesKit;
			productReference = 21F797A81F666C2100E1785F /* ITunesKit.app */;
			productType = "com.apple.product-type.application";
		};
		21F797BB1F666C2200E1785F /* ITunesKitTests */ = {
			isa = PBXNativeTarget;
			buildConfigurationList = 21F797C81F666C2200E1785F /* Build configuration list for PBXNativeTarget "ITunesKitTests" */;
			buildPhases = (
				4F40DBFECC524E0D0C5B2256 /* [CP] Check Pods Manifest.lock */,
				21F797B81F666C2200E1785F /* Sources */,
				21F797B91F666C2200E1785F /* Frameworks */,
				21F797BA1F666C2200E1785F /* Resources */,
				D8DE8EF57803ADCC8001A7FA /* [CP] Embed Pods Frameworks */,
				B344F237D9CE3FC82A267C2C /* [CP] Copy Pods Resources */,
			);
			buildRules = (
			);
			dependencies = (
				21F797BE1F666C2200E1785F /* PBXTargetDependency */,
			);
			name = ITunesKitTests;
			productName = ITunesKitTests;
			productReference = 21F797BC1F666C2200E1785F /* ITunesKitTests.xctest */;
			productType = "com.apple.product-type.bundle.unit-test";
		};
/* End PBXNativeTarget section */

/* Begin PBXProject section */
		21F797A01F666C2100E1785F /* Project object */ = {
			isa = PBXProject;
			attributes = {
				LastSwiftUpdateCheck = 0830;
				LastUpgradeCheck = 0830;
				ORGANIZATIONNAME = jeanclad;
				TargetAttributes = {
					21F797A71F666C2100E1785F = {
						CreatedOnToolsVersion = 8.3.3;
						ProvisioningStyle = Automatic;
					};
					21F797BB1F666C2200E1785F = {
						CreatedOnToolsVersion = 8.3.3;
						ProvisioningStyle = Automatic;
						TestTargetID = 21F797A71F666C2100E1785F;
					};
				};
			};
			buildConfigurationList = 21F797A31F666C2100E1785F /* Build configuration list for PBXProject "ITunesKit" */;
			compatibilityVersion = "Xcode 3.2";
			developmentRegion = English;
			hasScannedForEncodings = 0;
			knownRegions = (
				en,
				Base,
			);
			mainGroup = 21F7979F1F666C2100E1785F;
			productRefGroup = 21F797A91F666C2100E1785F /* Products */;
			projectDirPath = "";
			projectRoot = "";
			targets = (
				21F797A71F666C2100E1785F /* ITunesKit */,
				21F797BB1F666C2200E1785F /* ITunesKitTests */,
			);
		};
/* End PBXProject section */

/* Begin PBXResourcesBuildPhase section */
		21F797A61F666C2100E1785F /* Resources */ = {
			isa = PBXResourcesBuildPhase;
			buildActionMask = 2147483647;
			files = (
				21F797B61F666C2100E1785F /* LaunchScreen.storyboard in Resources */,
				21F797B31F666C2100E1785F /* Assets.xcassets in Resources */,
				219ABE001F6798EB007DBC26 /* Podfile in Resources */,
				21F797B11F666C2100E1785F /* Main.storyboard in Resources */,
			);
			runOnlyForDeploymentPostprocessing = 0;
		};
		21F797BA1F666C2200E1785F /* Resources */ = {
			isa = PBXResourcesBuildPhase;
			buildActionMask = 2147483647;
			files = (
			);
			runOnlyForDeploymentPostprocessing = 0;
		};
/* End PBXResourcesBuildPhase section */

/* Begin PBXShellScriptBuildPhase section */
		219ABE011F679A4D007DBC26 /* ShellScript */ = {
			isa = PBXShellScriptBuildPhase;
			buildActionMask = 2147483647;
			files = (
			);
			inputPaths = (
			);
			outputPaths = (
			);
			runOnlyForDeploymentPostprocessing = 0;
			shellPath = /bin/sh;
			shellScript = "\"${PODS_ROOT}/SwiftLint/swiftlint\"";
		};
		4F40DBFECC524E0D0C5B2256 /* [CP] Check Pods Manifest.lock */ = {
			isa = PBXShellScriptBuildPhase;
			buildActionMask = 2147483647;
			files = (
			);
			inputPaths = (
				"${PODS_PODFILE_DIR_PATH}/Podfile.lock",
				"${PODS_ROOT}/Manifest.lock",
			);
			name = "[CP] Check Pods Manifest.lock";
			outputPaths = (
				"$(DERIVED_FILE_DIR)/Pods-ITunesKitTests-checkManifestLockResult.txt",
			);
			runOnlyForDeploymentPostprocessing = 0;
			shellPath = /bin/sh;
			shellScript = "diff \"${PODS_PODFILE_DIR_PATH}/Podfile.lock\" \"${PODS_ROOT}/Manifest.lock\" > /dev/null\nif [ $? != 0 ] ; then\n    # print error to STDERR\n    echo \"error: The sandbox is not in sync with the Podfile.lock. Run 'pod install' or update your CocoaPods installation.\" >&2\n    exit 1\nfi\n# This output is used by Xcode 'outputs' to avoid re-running this script phase.\necho \"SUCCESS\" > \"${SCRIPT_OUTPUT_FILE_0}\"\n";
			showEnvVarsInLog = 0;
		};
		9E197DA03546F4F38982E5E6 /* [CP] Embed Pods Frameworks */ = {
			isa = PBXShellScriptBuildPhase;
			buildActionMask = 2147483647;
			files = (
			);
			inputPaths = (
			);
			name = "[CP] Embed Pods Frameworks";
			outputPaths = (
			);
			runOnlyForDeploymentPostprocessing = 0;
			shellPath = /bin/sh;
			shellScript = "\"${SRCROOT}/Pods/Target Support Files/Pods-ITunesKit/Pods-ITunesKit-frameworks.sh\"\n";
			showEnvVarsInLog = 0;
		};
		A78C9C93A14ED41721749BAA /* [CP] Copy Pods Resources */ = {
			isa = PBXShellScriptBuildPhase;
			buildActionMask = 2147483647;
			files = (
			);
			inputPaths = (
			);
			name = "[CP] Copy Pods Resources";
			outputPaths = (
			);
			runOnlyForDeploymentPostprocessing = 0;
			shellPath = /bin/sh;
			shellScript = "\"${SRCROOT}/Pods/Target Support Files/Pods-ITunesKit/Pods-ITunesKit-resources.sh\"\n";
			showEnvVarsInLog = 0;
		};
		B344F237D9CE3FC82A267C2C /* [CP] Copy Pods Resources */ = {
			isa = PBXShellScriptBuildPhase;
			buildActionMask = 2147483647;
			files = (
			);
			inputPaths = (
			);
			name = "[CP] Copy Pods Resources";
			outputPaths = (
			);
			runOnlyForDeploymentPostprocessing = 0;
			shellPath = /bin/sh;
			shellScript = "\"${SRCROOT}/Pods/Target Support Files/Pods-ITunesKitTests/Pods-ITunesKitTests-resources.sh\"\n";
			showEnvVarsInLog = 0;
		};
		D43B6F188F6F915DB41CE330 /* [CP] Check Pods Manifest.lock */ = {
			isa = PBXShellScriptBuildPhase;
			buildActionMask = 2147483647;
			files = (
			);
			inputPaths = (
				"${PODS_PODFILE_DIR_PATH}/Podfile.lock",
				"${PODS_ROOT}/Manifest.lock",
			);
			name = "[CP] Check Pods Manifest.lock";
			outputPaths = (
				"$(DERIVED_FILE_DIR)/Pods-ITunesKit-checkManifestLockResult.txt",
			);
			runOnlyForDeploymentPostprocessing = 0;
			shellPath = /bin/sh;
			shellScript = "diff \"${PODS_PODFILE_DIR_PATH}/Podfile.lock\" \"${PODS_ROOT}/Manifest.lock\" > /dev/null\nif [ $? != 0 ] ; then\n    # print error to STDERR\n    echo \"error: The sandbox is not in sync with the Podfile.lock. Run 'pod install' or update your CocoaPods installation.\" >&2\n    exit 1\nfi\n# This output is used by Xcode 'outputs' to avoid re-running this script phase.\necho \"SUCCESS\" > \"${SCRIPT_OUTPUT_FILE_0}\"\n";
			showEnvVarsInLog = 0;
		};
		D8DE8EF57803ADCC8001A7FA /* [CP] Embed Pods Frameworks */ = {
			isa = PBXShellScriptBuildPhase;
			buildActionMask = 2147483647;
			files = (
			);
			inputPaths = (
			);
			name = "[CP] Embed Pods Frameworks";
			outputPaths = (
			);
			runOnlyForDeploymentPostprocessing = 0;
			shellPath = /bin/sh;
			shellScript = "\"${SRCROOT}/Pods/Target Support Files/Pods-ITunesKitTests/Pods-ITunesKitTests-frameworks.sh\"\n";
			showEnvVarsInLog = 0;
		};
/* End PBXShellScriptBuildPhase section */

/* Begin PBXSourcesBuildPhase section */
		21F797A41F666C2100E1785F /* Sources */ = {
			isa = PBXSourcesBuildPhase;
			buildActionMask = 2147483647;
			files = (
				21EC47AD1F6677AB007CC79C /* ViewController.swift in Sources */,
				21751F071F6B4C6D0029A3E8 /* DetailViewModel.swift in Sources */,
				21EC47C11F668818007CC79C /* HttpClient.swift in Sources */,
				217AFFC11F6A79DB00ED7604 /* DetailViewController.swift in Sources */,
				21EC47AF1F6677F7007CC79C /* ChartViewModel.swift in Sources */,
				21F797AC1F666C2100E1785F /* AppDelegate.swift in Sources */,
				21751F171F6B93170029A3E8 /* AppIdModel.swift in Sources */,
			);
			runOnlyForDeploymentPostprocessing = 0;
		};
		21F797B81F666C2200E1785F /* Sources */ = {
			isa = PBXSourcesBuildPhase;
			buildActionMask = 2147483647;
			files = (
				21EC47B01F6677F7007CC79C /* ChartViewModel.swift in Sources */,
				21EC47C21F668818007CC79C /* HttpClient.swift in Sources */,
				21F797C11F666C2200E1785F /* ITunesKitTests.swift in Sources */,
			);
			runOnlyForDeploymentPostprocessing = 0;
		};
/* End PBXSourcesBuildPhase section */

/* Begin PBXTargetDependency section */
		21F797BE1F666C2200E1785F /* PBXTargetDependency */ = {
			isa = PBXTargetDependency;
			target = 21F797A71F666C2100E1785F /* ITunesKit */;
			targetProxy = 21F797BD1F666C2200E1785F /* PBXContainerItemProxy */;
		};
/* End PBXTargetDependency section */

/* Begin PBXVariantGroup section */
		21F797AF1F666C2100E1785F /* Main.storyboard */ = {
			isa = PBXVariantGroup;
			children = (
				21F797B01F666C2100E1785F /* Base */,
			);
			name = Main.storyboard;
			sourceTree = "<group>";
		};
		21F797B41F666C2100E1785F /* LaunchScreen.storyboard */ = {
			isa = PBXVariantGroup;
			children = (
				21F797B51F666C2100E1785F /* Base */,
			);
			name = LaunchScreen.storyboard;
			sourceTree = "<group>";
		};
/* End PBXVariantGroup section */

/* Begin XCBuildConfiguration section */
		21F797C31F666C2200E1785F /* Debug */ = {
			isa = XCBuildConfiguration;
			buildSettings = {
				ALWAYS_SEARCH_USER_PATHS = NO;
				CLANG_ANALYZER_NONNULL = YES;
				CLANG_ANALYZER_NUMBER_OBJECT_CONVERSION = YES_AGGRESSIVE;
				CLANG_CXX_LANGUAGE_STANDARD = "gnu++0x";
				CLANG_CXX_LIBRARY = "libc++";
				CLANG_ENABLE_MODULES = YES;
				CLANG_ENABLE_OBJC_ARC = YES;
				CLANG_WARN_BOOL_CONVERSION = YES;
				CLANG_WARN_CONSTANT_CONVERSION = YES;
				CLANG_WARN_DIRECT_OBJC_ISA_USAGE = YES_ERROR;
				CLANG_WARN_DOCUMENTATION_COMMENTS = YES;
				CLANG_WARN_EMPTY_BODY = YES;
				CLANG_WARN_ENUM_CONVERSION = YES;
				CLANG_WARN_INFINITE_RECURSION = YES;
				CLANG_WARN_INT_CONVERSION = YES;
				CLANG_WARN_OBJC_ROOT_CLASS = YES_ERROR;
				CLANG_WARN_SUSPICIOUS_MOVE = YES;
				CLANG_WARN_UNREACHABLE_CODE = YES;
				CLANG_WARN__DUPLICATE_METHOD_MATCH = YES;
				"CODE_SIGN_IDENTITY[sdk=iphoneos*]" = "iPhone Developer";
				COPY_PHASE_STRIP = NO;
				DEBUG_INFORMATION_FORMAT = dwarf;
				ENABLE_STRICT_OBJC_MSGSEND = YES;
				ENABLE_TESTABILITY = YES;
				GCC_C_LANGUAGE_STANDARD = gnu99;
				GCC_DYNAMIC_NO_PIC = NO;
				GCC_NO_COMMON_BLOCKS = YES;
				GCC_OPTIMIZATION_LEVEL = 0;
				GCC_PREPROCESSOR_DEFINITIONS = (
					"DEBUG=1",
					"$(inherited)",
				);
				GCC_WARN_64_TO_32_BIT_CONVERSION = YES;
				GCC_WARN_ABOUT_RETURN_TYPE = YES_ERROR;
				GCC_WARN_UNDECLARED_SELECTOR = YES;
				GCC_WARN_UNINITIALIZED_AUTOS = YES_AGGRESSIVE;
				GCC_WARN_UNUSED_FUNCTION = YES;
				GCC_WARN_UNUSED_VARIABLE = YES;
				IPHONEOS_DEPLOYMENT_TARGET = 10.3;
				MTL_ENABLE_DEBUG_INFO = YES;
				ONLY_ACTIVE_ARCH = YES;
				SDKROOT = iphoneos;
				SWIFT_ACTIVE_COMPILATION_CONDITIONS = DEBUG;
				SWIFT_OPTIMIZATION_LEVEL = "-Onone";
			};
			name = Debug;
		};
		21F797C41F666C2200E1785F /* Release */ = {
			isa = XCBuildConfiguration;
			buildSettings = {
				ALWAYS_SEARCH_USER_PATHS = NO;
				CLANG_ANALYZER_NONNULL = YES;
				CLANG_ANALYZER_NUMBER_OBJECT_CONVERSION = YES_AGGRESSIVE;
				CLANG_CXX_LANGUAGE_STANDARD = "gnu++0x";
				CLANG_CXX_LIBRARY = "libc++";
				CLANG_ENABLE_MODULES = YES;
				CLANG_ENABLE_OBJC_ARC = YES;
				CLANG_WARN_BOOL_CONVERSION = YES;
				CLANG_WARN_CONSTANT_CONVERSION = YES;
				CLANG_WARN_DIRECT_OBJC_ISA_USAGE = YES_ERROR;
				CLANG_WARN_DOCUMENTATION_COMMENTS = YES;
				CLANG_WARN_EMPTY_BODY = YES;
				CLANG_WARN_ENUM_CONVERSION = YES;
				CLANG_WARN_INFINITE_RECURSION = YES;
				CLANG_WARN_INT_CONVERSION = YES;
				CLANG_WARN_OBJC_ROOT_CLASS = YES_ERROR;
				CLANG_WARN_SUSPICIOUS_MOVE = YES;
				CLANG_WARN_UNREACHABLE_CODE = YES;
				CLANG_WARN__DUPLICATE_METHOD_MATCH = YES;
				"CODE_SIGN_IDENTITY[sdk=iphoneos*]" = "iPhone Developer";
				COPY_PHASE_STRIP = NO;
				DEBUG_INFORMATION_FORMAT = "dwarf-with-dsym";
				ENABLE_NS_ASSERTIONS = NO;
				ENABLE_STRICT_OBJC_MSGSEND = YES;
				GCC_C_LANGUAGE_STANDARD = gnu99;
				GCC_NO_COMMON_BLOCKS = YES;
				GCC_WARN_64_TO_32_BIT_CONVERSION = YES;
				GCC_WARN_ABOUT_RETURN_TYPE = YES_ERROR;
				GCC_WARN_UNDECLARED_SELECTOR = YES;
				GCC_WARN_UNINITIALIZED_AUTOS = YES_AGGRESSIVE;
				GCC_WARN_UNUSED_FUNCTION = YES;
				GCC_WARN_UNUSED_VARIABLE = YES;
				IPHONEOS_DEPLOYMENT_TARGET = 10.3;
				MTL_ENABLE_DEBUG_INFO = NO;
				SDKROOT = iphoneos;
				SWIFT_OPTIMIZATION_LEVEL = "-Owholemodule";
				VALIDATE_PRODUCT = YES;
			};
			name = Release;
		};
		21F797C61F666C2200E1785F /* Debug */ = {
			isa = XCBuildConfiguration;
			baseConfigurationReference = 2A2C3AD0CF458A9FAB387356 /* Pods-ITunesKit.debug.xcconfig */;
			buildSettings = {
				ASSETCATALOG_COMPILER_APPICON_NAME = AppIcon;
				INFOPLIST_FILE = ITunesKit/Info.plist;
				LD_RUNPATH_SEARCH_PATHS = "$(inherited) @executable_path/Frameworks";
				PRODUCT_BUNDLE_IDENTIFIER = com.swankystreet.ituneskit.ITunesKit;
				PRODUCT_NAME = "$(TARGET_NAME)";
				SWIFT_VERSION = 3.0;
				TARGETED_DEVICE_FAMILY = "1,2";
			};
			name = Debug;
		};
		21F797C71F666C2200E1785F /* Release */ = {
			isa = XCBuildConfiguration;
			baseConfigurationReference = B4F1E00F050CFDEE2C12153F /* Pods-ITunesKit.release.xcconfig */;
			buildSettings = {
				ASSETCATALOG_COMPILER_APPICON_NAME = AppIcon;
				INFOPLIST_FILE = ITunesKit/Info.plist;
				LD_RUNPATH_SEARCH_PATHS = "$(inherited) @executable_path/Frameworks";
				PRODUCT_BUNDLE_IDENTIFIER = com.swankystreet.ituneskit.ITunesKit;
				PRODUCT_NAME = "$(TARGET_NAME)";
				SWIFT_VERSION = 3.0;
				TARGETED_DEVICE_FAMILY = "1,2";
			};
			name = Release;
		};
		21F797C91F666C2200E1785F /* Debug */ = {
			isa = XCBuildConfiguration;
			baseConfigurationReference = AA090005CE1F9E7FA0641D13 /* Pods-ITunesKitTests.debug.xcconfig */;
			buildSettings = {
				ALWAYS_EMBED_SWIFT_STANDARD_LIBRARIES = YES;
				BUNDLE_LOADER = "$(TEST_HOST)";
				INFOPLIST_FILE = ITunesKitTests/Info.plist;
				LD_RUNPATH_SEARCH_PATHS = "$(inherited) @executable_path/Frameworks @loader_path/Frameworks";
				PRODUCT_BUNDLE_IDENTIFIER = com.swankystreet.ituneskit.ITunesKitTests;
				PRODUCT_NAME = "$(TARGET_NAME)";
				SWIFT_VERSION = 3.0;
				TEST_HOST = "$(BUILT_PRODUCTS_DIR)/ITunesKit.app/ITunesKit";
			};
			name = Debug;
		};
		21F797CA1F666C2200E1785F /* Release */ = {
			isa = XCBuildConfiguration;
			baseConfigurationReference = C8D12EB28F1C00ECC8A23966 /* Pods-ITunesKitTests.release.xcconfig */;
			buildSettings = {
				ALWAYS_EMBED_SWIFT_STANDARD_LIBRARIES = YES;
				BUNDLE_LOADER = "$(TEST_HOST)";
				INFOPLIST_FILE = ITunesKitTests/Info.plist;
				LD_RUNPATH_SEARCH_PATHS = "$(inherited) @executable_path/Frameworks @loader_path/Frameworks";
				PRODUCT_BUNDLE_IDENTIFIER = com.swankystreet.ituneskit.ITunesKitTests;
				PRODUCT_NAME = "$(TARGET_NAME)";
				SWIFT_VERSION = 3.0;
				TEST_HOST = "$(BUILT_PRODUCTS_DIR)/ITunesKit.app/ITunesKit";
			};
			name = Release;
		};
/* End XCBuildConfiguration section */

/* Begin XCConfigurationList section */
		21F797A31F666C2100E1785F /* Build configuration list for PBXProject "ITunesKit" */ = {
			isa = XCConfigurationList;
			buildConfigurations = (
				21F797C31F666C2200E1785F /* Debug */,
				21F797C41F666C2200E1785F /* Release */,
			);
			defaultConfigurationIsVisible = 0;
			defaultConfigurationName = Release;
		};
		21F797C51F666C2200E1785F /* Build configuration list for PBXNativeTarget "ITunesKit" */ = {
			isa = XCConfigurationList;
			buildConfigurations = (
				21F797C61F666C2200E1785F /* Debug */,
				21F797C71F666C2200E1785F /* Release */,
			);
			defaultConfigurationIsVisible = 0;
			defaultConfigurationName = Release;
		};
		21F797C81F666C2200E1785F /* Build configuration list for PBXNativeTarget "ITunesKitTests" */ = {
			isa = XCConfigurationList;
			buildConfigurations = (
				21F797C91F666C2200E1785F /* Debug */,
				21F797CA1F666C2200E1785F /* Release */,
			);
			defaultConfigurationIsVisible = 0;
			defaultConfigurationName = Release;
		};
/* End XCConfigurationList section */
	};
	rootObject = 21F797A01F666C2100E1785F /* Project object */;
}
